
Microsoft Visual Studio Solution File, Format Version 12.00
# Visual Studio Version 17
VisualStudioVersion = 17.0.32126.317
MinimumVisualStudioVersion = 10.0.40219.1
Project("{9A19103F-16F7-4668-BE54-9A1E7A4F7556}") = "Sitecore.ProtobufBrowser", "Sitecore.ProtobufBrowser\Sitecore.ProtobufBrowser.csproj", "{8CBF0B16-AF73-4727-8D54-6CF12F141B23}"
EndProject
Project("{2150E333-8FDC-42A3-9474-1A3956D46DE8}") = "Solution Items", "Solution Items", "{838F48F8-C454-4B1E-8F01-A78BB8917DD9}"
	ProjectSection(SolutionItems) = preProject
		Directory.Build.targets = Directory.Build.targets
		Packages.props = Packages.props
	EndProjectSection
EndProject
Global
	GlobalSection(SolutionConfigurationPlatforms) = preSolution
		Debug|Any CPU = Debug|Any CPU
		Release|Any CPU = Release|Any CPU
	EndGlobalSection
	GlobalSection(ProjectConfigurationPlatforms) = postSolution
		{8CBF0B16-AF73-4727-8D54-6CF12F141B23}.Debug|Any CPU.ActiveCfg = Debug|Any CPU
		{8CBF0B16-AF73-4727-8D54-6CF12F141B23}.Debug|Any CPU.Build.0 = Debug|Any CPU
		{8CBF0B16-AF73-4727-8D54-6CF12F141B23}.Release|Any CPU.ActiveCfg = Release|Any CPU
		{8CBF0B16-AF73-4727-8D54-6CF12F141B23}.Release|Any CPU.Build.0 = Release|Any CPU
	EndGlobalSection
	GlobalSection(SolutionProperties) = preSolution
		HideSolutionNode = FALSE
	EndGlobalSection
	GlobalSection(ExtensibilityGlobals) = postSolution
		SolutionGuid = {DC4573F1-02BA-4B2E-AC6F-2728AA05E67B}
	EndGlobalSection
EndGlobal
